
Microsoft Visual Studio Solution File, Format Version 12.00
# Visual Studio Version 17
VisualStudioVersion = 17.3.32901.215
MinimumVisualStudioVersion = 10.0.40219.1
Project("{FAE04EC0-301F-11D3-BF4B-00C04F79EFBC}") = "ShailSoftReactAPI", "ShailSoftReactAPI\ShailSoftReactAPI.csproj", "{EA7F00D7-3658-4419-B4D9-A1909EF80E50}"
EndProject
Global
	GlobalSection(SolutionConfigurationPlatforms) = preSolution
		Debug|Any CPU = Debug|Any CPU
		Release|Any CPU = Release|Any CPU
	EndGlobalSection
	GlobalSection(ProjectConfigurationPlatforms) = postSolution
		{EA7F00D7-3658-4419-B4D9-A1909EF80E50}.Debug|Any CPU.ActiveCfg = Debug|Any CPU
		{EA7F00D7-3658-4419-B4D9-A1909EF80E50}.Debug|Any CPU.Build.0 = Debug|Any CPU
		{EA7F00D7-3658-4419-B4D9-A1909EF80E50}.Release|Any CPU.ActiveCfg = Release|Any CPU
		{EA7F00D7-3658-4419-B4D9-A1909EF80E50}.Release|Any CPU.Build.0 = Release|Any CPU
	EndGlobalSection
	GlobalSection(SolutionProperties) = preSolution
		HideSolutionNode = FALSE
	EndGlobalSection
	GlobalSection(ExtensibilityGlobals) = postSolution
		SolutionGuid = {0AB46D22-AED2-4C61-AAB5-10F0FF6D593F}
	EndGlobalSection
EndGlobal
